{
  "originHash" : "522f8158a2ad29de3d2de0ea2aed2a51fad20114b8ca95cce04f2daf0804c8fe",
  "pins" : [
    {
      "identity" : "flagsmith-ios-client",
      "kind" : "remoteSourceControl",
      "location" : "https://github.com/Flagsmith/flagsmith-ios-client.git",
      "state" : {
        "revision" : "56e62da513032f58aa85fd57a5eccd0288a0fd9e",
        "version" : "3.8.1"
      }
    },
    {
      "identity" : "pushexpress-swift-sdk",
      "kind" : "remoteSourceControl",
      "location" : "https://github.com/pushexpress/pushexpress-swift-sdk",
      "state" : {
        "branch" : "main",
        "revision" : "5c5bb30553adb1f4aedbdeb840497bcceb0445da"
      }
    },
    {
      "identity" : "realm-core",
      "kind" : "remoteSourceControl",
      "location" : "https://github.com/realm/realm-core.git",
      "state" : {
        "revision" : "85eeca41654cc9070ad81a21a4b1d153ad467c33",
        "version" : "14.13.1"
      }
    },
    {
      "identity" : "realm-swift",
      "kind" : "remoteSourceControl",
      "location" : "https://github.com/realm/realm-swift",
      "state" : {
        "branch" : "master",
        "revision" : "1f09fb14dd9d275b5686016fe8508d491b87cb0b"
      }
    }
  ],
  "version" : 3
}
